
Microsoft Visual Studio Solution File, Format Version 12.00
# Visual Studio Version 16
VisualStudioVersion = 16.0.31829.152
MinimumVisualStudioVersion = 10.0.40219.1
Project("{FAE04EC0-301F-11D3-BF4B-00C04F79EFBC}") = "Zadanie_kol_act_view", "Zadanie_kol_act_view\Zadanie_kol_act_view.csproj", "{5E267120-07A8-4537-8396-F245BF0792E0}"
EndProject
Global
	GlobalSection(SolutionConfigurationPlatforms) = preSolution
		Debug|Any CPU = Debug|Any CPU
		Release|Any CPU = Release|Any CPU
	EndGlobalSection
	GlobalSection(ProjectConfigurationPlatforms) = postSolution
		{5E267120-07A8-4537-8396-F245BF0792E0}.Debug|Any CPU.ActiveCfg = Debug|Any CPU
		{5E267120-07A8-4537-8396-F245BF0792E0}.Debug|Any CPU.Build.0 = Debug|Any CPU
		{5E267120-07A8-4537-8396-F245BF0792E0}.Release|Any CPU.ActiveCfg = Release|Any CPU
		{5E267120-07A8-4537-8396-F245BF0792E0}.Release|Any CPU.Build.0 = Release|Any CPU
	EndGlobalSection
	GlobalSection(SolutionProperties) = preSolution
		HideSolutionNode = FALSE
	EndGlobalSection
	GlobalSection(ExtensibilityGlobals) = postSolution
		SolutionGuid = {3F38ABD6-A481-4E70-A97C-8D9BC0992099}
	EndGlobalSection
EndGlobal
